
Microsoft Visual Studio Solution File, Format Version 12.00
# Visual Studio 15
VisualStudioVersion = 15.0.27703.2035
MinimumVisualStudioVersion = 10.0.40219.1
Project("{FAE04EC0-301F-11D3-BF4B-00C04F79EFBC}") = "EduvieContainer.Tests", "ConsoleApp1.Tests\EduvieContainer.Tests.csproj", "{7EA7E605-4270-4A86-B0B9-C23B36A6206D}"
EndProject
Project("{FAE04EC0-301F-11D3-BF4B-00C04F79EFBC}") = "EduvieIoC", "EduvieIoC\EduvieIoC.csproj", "{5602B9E3-5640-4565-9CA5-CDF46F9D9B19}"
EndProject
Global
	GlobalSection(SolutionConfigurationPlatforms) = preSolution
		Debug|Any CPU = Debug|Any CPU
		Release|Any CPU = Release|Any CPU
	EndGlobalSection
	GlobalSection(ProjectConfigurationPlatforms) = postSolution
		{7EA7E605-4270-4A86-B0B9-C23B36A6206D}.Debug|Any CPU.ActiveCfg = Debug|Any CPU
		{7EA7E605-4270-4A86-B0B9-C23B36A6206D}.Debug|Any CPU.Build.0 = Debug|Any CPU
		{7EA7E605-4270-4A86-B0B9-C23B36A6206D}.Release|Any CPU.ActiveCfg = Release|Any CPU
		{7EA7E605-4270-4A86-B0B9-C23B36A6206D}.Release|Any CPU.Build.0 = Release|Any CPU
		{5602B9E3-5640-4565-9CA5-CDF46F9D9B19}.Debug|Any CPU.ActiveCfg = Debug|Any CPU
		{5602B9E3-5640-4565-9CA5-CDF46F9D9B19}.Debug|Any CPU.Build.0 = Debug|Any CPU
		{5602B9E3-5640-4565-9CA5-CDF46F9D9B19}.Release|Any CPU.ActiveCfg = Release|Any CPU
		{5602B9E3-5640-4565-9CA5-CDF46F9D9B19}.Release|Any CPU.Build.0 = Release|Any CPU
	EndGlobalSection
	GlobalSection(SolutionProperties) = preSolution
		HideSolutionNode = FALSE
	EndGlobalSection
	GlobalSection(ExtensibilityGlobals) = postSolution
		SolutionGuid = {CEC90DA6-117E-4E3E-8965-2670B596F411}
	EndGlobalSection
EndGlobal
